
Microsoft Visual Studio Solution File, Format Version 12.00
# Visual Studio Version 16
VisualStudioVersion = 16.0.30011.22
MinimumVisualStudioVersion = 10.0.40219.1
Project("{FAE04EC0-301F-11D3-BF4B-00C04F79EFBC}") = "BookWorld", "BookWorld\BookWorld.csproj", "{594FEDD7-1722-48D3-9ABA-D4761B298845}"
EndProject
Global
	GlobalSection(SolutionConfigurationPlatforms) = preSolution
		Debug|Any CPU = Debug|Any CPU
		Release|Any CPU = Release|Any CPU
	EndGlobalSection
	GlobalSection(ProjectConfigurationPlatforms) = postSolution
		{594FEDD7-1722-48D3-9ABA-D4761B298845}.Debug|Any CPU.ActiveCfg = Debug|Any CPU
		{594FEDD7-1722-48D3-9ABA-D4761B298845}.Debug|Any CPU.Build.0 = Debug|Any CPU
		{594FEDD7-1722-48D3-9ABA-D4761B298845}.Release|Any CPU.ActiveCfg = Release|Any CPU
		{594FEDD7-1722-48D3-9ABA-D4761B298845}.Release|Any CPU.Build.0 = Release|Any CPU
	EndGlobalSection
	GlobalSection(SolutionProperties) = preSolution
		HideSolutionNode = FALSE
	EndGlobalSection
	GlobalSection(ExtensibilityGlobals) = postSolution
		SolutionGuid = {A66B2DF9-EDFC-4373-8E5F-9CA01AEB99B2}
	EndGlobalSection
EndGlobal
